// !$*UTF8*$!
{
	archiveVersion = 1;
	classes = {
	};
	objectVersion = 51;
	objects = {

/* Begin PBXBuildFile section */
		486D43CC21D7A8E7D1BD7416 /* Pods_TripTracker.framework in Frameworks */ = {isa = PBXBuildFile; fileRef = 498FA19F49798550DE2334FD /* Pods_TripTracker.framework */; };
		635B23F126845311008AA051 /* GoogleService-Info.plist in Resources */ = {isa = PBXBuildFile; fileRef = 635B23F026845311008AA051 /* GoogleService-Info.plist */; };
		635B23F326849C80008AA051 /* HomeViewController.swift in Sources */ = {isa = PBXBuildFile; fileRef = 635B23F226849C80008AA051 /* HomeViewController.swift */; };
		635B23F52684D971008AA051 /* LocationInputActivationView.swift in Sources */ = {isa = PBXBuildFile; fileRef = 635B23F42684D970008AA051 /* LocationInputActivationView.swift */; };
		63B85BAF2685A66A0068DDC1 /* LocationInputView.swift in Sources */ = {isa = PBXBuildFile; fileRef = 63B85BAE2685A66A0068DDC1 /* LocationInputView.swift */; };
		63B85BB12685E1300068DDC1 /* LocationCell.swift in Sources */ = {isa = PBXBuildFile; fileRef = 63B85BB02685E1300068DDC1 /* LocationCell.swift */; };
		63DF574A2683159B00D552F8 /* AppDelegate.swift in Sources */ = {isa = PBXBuildFile; fileRef = 63DF57492683159B00D552F8 /* AppDelegate.swift */; };
		63DF574C2683159B00D552F8 /* SceneDelegate.swift in Sources */ = {isa = PBXBuildFile; fileRef = 63DF574B2683159B00D552F8 /* SceneDelegate.swift */; };
		63DF57532683159C00D552F8 /* Assets.xcassets in Resources */ = {isa = PBXBuildFile; fileRef = 63DF57522683159C00D552F8 /* Assets.xcassets */; };
		63DF57562683159C00D552F8 /* LaunchScreen.storyboard in Resources */ = {isa = PBXBuildFile; fileRef = 63DF57542683159C00D552F8 /* LaunchScreen.storyboard */; };
		63DF57642683194900D552F8 /* LoginViewController.swift in Sources */ = {isa = PBXBuildFile; fileRef = 63DF57632683194900D552F8 /* LoginViewController.swift */; };
		63DF5766268325B400D552F8 /* Extensions.swift in Sources */ = {isa = PBXBuildFile; fileRef = 63DF5765268325B400D552F8 /* Extensions.swift */; };
		63DF576826839C8900D552F8 /* SignupViewController.swift in Sources */ = {isa = PBXBuildFile; fileRef = 63DF576726839C8900D552F8 /* SignupViewController.swift */; };
/* End PBXBuildFile section */

/* Begin PBXFileReference section */
		498FA19F49798550DE2334FD /* Pods_TripTracker.framework */ = {isa = PBXFileReference; explicitFileType = wrapper.framework; includeInIndex = 0; path = Pods_TripTracker.framework; sourceTree = BUILT_PRODUCTS_DIR; };
		635B23F026845311008AA051 /* GoogleService-Info.plist */ = {isa = PBXFileReference; fileEncoding = 4; lastKnownFileType = text.plist.xml; path = "GoogleService-Info.plist"; sourceTree = "<group>"; };
		635B23F226849C80008AA051 /* HomeViewController.swift */ = {isa = PBXFileReference; lastKnownFileType = sourcecode.swift; path = HomeViewController.swift; sourceTree = "<group>"; };
		635B23F42684D970008AA051 /* LocationInputActivationView.swift */ = {isa = PBXFileReference; lastKnownFileType = sourcecode.swift; path = LocationInputActivationView.swift; sourceTree = "<group>"; };
		63B85BAE2685A66A0068DDC1 /* LocationInputView.swift */ = {isa = PBXFileReference; lastKnownFileType = sourcecode.swift; path = LocationInputView.swift; sourceTree = "<group>"; };
		63B85BB02685E1300068DDC1 /* LocationCell.swift */ = {isa = PBXFileReference; lastKnownFileType = sourcecode.swift; path = LocationCell.swift; sourceTree = "<group>"; };
		63DF57462683159B00D552F8 /* TripTracker.app */ = {isa = PBXFileReference; explicitFileType = wrapper.application; includeInIndex = 0; path = TripTracker.app; sourceTree = BUILT_PRODUCTS_DIR; };
		63DF57492683159B00D552F8 /* AppDelegate.swift */ = {isa = PBXFileReference; lastKnownFileType = sourcecode.swift; path = AppDelegate.swift; sourceTree = "<group>"; };
		63DF574B2683159B00D552F8 /* SceneDelegate.swift */ = {isa = PBXFileReference; lastKnownFileType = sourcecode.swift; path = SceneDelegate.swift; sourceTree = "<group>"; };
		63DF57522683159C00D552F8 /* Assets.xcassets */ = {isa = PBXFileReference; lastKnownFileType = folder.assetcatalog; path = Assets.xcassets; sourceTree = "<group>"; };
		63DF57552683159C00D552F8 /* Base */ = {isa = PBXFileReference; lastKnownFileType = file.storyboard; name = Base; path = Base.lproj/LaunchScreen.storyboard; sourceTree = "<group>"; };
		63DF57572683159C00D552F8 /* Info.plist */ = {isa = PBXFileReference; lastKnownFileType = text.plist.xml; path = Info.plist; sourceTree = "<group>"; };
		63DF57632683194900D552F8 /* LoginViewController.swift */ = {isa = PBXFileReference; lastKnownFileType = sourcecode.swift; path = LoginViewController.swift; sourceTree = "<group>"; };
		63DF5765268325B400D552F8 /* Extensions.swift */ = {isa = PBXFileReference; lastKnownFileType = sourcecode.swift; path = Extensions.swift; sourceTree = "<group>"; };
		63DF576726839C8900D552F8 /* SignupViewController.swift */ = {isa = PBXFileReference; lastKnownFileType = sourcecode.swift; path = SignupViewController.swift; sourceTree = "<group>"; };
		E8C894078307C2781BEAF507 /* Pods-TripTracker.debug.xcconfig */ = {isa = PBXFileReference; includeInIndex = 1; lastKnownFileType = text.xcconfig; name = "Pods-TripTracker.debug.xcconfig"; path = "Target Support Files/Pods-TripTracker/Pods-TripTracker.debug.xcconfig"; sourceTree = "<group>"; };
		FBB5BB76E8E6A65C8004204D /* Pods-TripTracker.release.xcconfig */ = {isa = PBXFileReference; includeInIndex = 1; lastKnownFileType = text.xcconfig; name = "Pods-TripTracker.release.xcconfig"; path = "Target Support Files/Pods-TripTracker/Pods-TripTracker.release.xcconfig"; sourceTree = "<group>"; };
/* End PBXFileReference section */

/* Begin PBXFrameworksBuildPhase section */
		63DF57432683159B00D552F8 /* Frameworks */ = {
			isa = PBXFrameworksBuildPhase;
			buildActionMask = 2147483647;
			files = (
				486D43CC21D7A8E7D1BD7416 /* Pods_TripTracker.framework in Frameworks */,
			);
			runOnlyForDeploymentPostprocessing = 0;
		};
/* End PBXFrameworksBuildPhase section */

/* Begin PBXGroup section */
		63DF573D2683159B00D552F8 = {
			isa = PBXGroup;
			children = (
				63DF57482683159B00D552F8 /* TripTracker */,
				63DF57472683159B00D552F8 /* Products */,
				BB53F5EA91F7B1DF641CC98D /* Pods */,
				CF72C3C37F30A36D90D2A66D /* Frameworks */,
			);
			sourceTree = "<group>";
		};
		63DF57472683159B00D552F8 /* Products */ = {
			isa = PBXGroup;
			children = (
				63DF57462683159B00D552F8 /* TripTracker.app */,
			);
			name = Products;
			sourceTree = "<group>";
		};
		63DF57482683159B00D552F8 /* TripTracker */ = {
			isa = PBXGroup;
			children = (
				63DF575F2683165A00D552F8 /* View */,
				63DF57602683166100D552F8 /* Controller */,
				63DF575E2683165300D552F8 /* Model */,
				63DF57622683167300D552F8 /* Service */,
				63DF57612683166900D552F8 /* Utils */,
				63DF57492683159B00D552F8 /* AppDelegate.swift */,
				63DF574B2683159B00D552F8 /* SceneDelegate.swift */,
				63DF57522683159C00D552F8 /* Assets.xcassets */,
				63DF57542683159C00D552F8 /* LaunchScreen.storyboard */,
				63DF57572683159C00D552F8 /* Info.plist */,
				635B23F026845311008AA051 /* GoogleService-Info.plist */,
			);
			path = TripTracker;
			sourceTree = "<group>";
		};
		63DF575E2683165300D552F8 /* Model */ = {
			isa = PBXGroup;
			children = (
			);
			path = Model;
			sourceTree = "<group>";
		};
		63DF575F2683165A00D552F8 /* View */ = {
			isa = PBXGroup;
			children = (
				635B23F42684D970008AA051 /* LocationInputActivationView.swift */,
				63B85BAE2685A66A0068DDC1 /* LocationInputView.swift */,
				63B85BB02685E1300068DDC1 /* LocationCell.swift */,
			);
			path = View;
			sourceTree = "<group>";
		};
		63DF57602683166100D552F8 /* Controller */ = {
			isa = PBXGroup;
			children = (
				63DF57632683194900D552F8 /* LoginViewController.swift */,
				63DF576726839C8900D552F8 /* SignupViewController.swift */,
				635B23F226849C80008AA051 /* HomeViewController.swift */,
			);
			path = Controller;
			sourceTree = "<group>";
		};
		63DF57612683166900D552F8 /* Utils */ = {
			isa = PBXGroup;
			children = (
				63DF5765268325B400D552F8 /* Extensions.swift */,
			);
			path = Utils;
			sourceTree = "<group>";
		};
		63DF57622683167300D552F8 /* Service */ = {
			isa = PBXGroup;
			children = (
			);
			path = Service;
			sourceTree = "<group>";
		};
		BB53F5EA91F7B1DF641CC98D /* Pods */ = {
			isa = PBXGroup;
			children = (
				E8C894078307C2781BEAF507 /* Pods-TripTracker.debug.xcconfig */,
				FBB5BB76E8E6A65C8004204D /* Pods-TripTracker.release.xcconfig */,
			);
			path = Pods;
			sourceTree = "<group>";
		};
		CF72C3C37F30A36D90D2A66D /* Frameworks */ = {
			isa = PBXGroup;
			children = (
				498FA19F49798550DE2334FD /* Pods_TripTracker.framework */,
			);
			name = Frameworks;
			sourceTree = "<group>";
		};
/* End PBXGroup section */

/* Begin PBXNativeTarget section */
		63DF57452683159B00D552F8 /* TripTracker */ = {
			isa = PBXNativeTarget;
			buildConfigurationList = 63DF575A2683159C00D552F8 /* Build configuration list for PBXNativeTarget "TripTracker" */;
			buildPhases = (
				563B3AE6B5446C2D66092D24 /* [CP] Check Pods Manifest.lock */,
				63DF57422683159B00D552F8 /* Sources */,
				63DF57432683159B00D552F8 /* Frameworks */,
				63DF57442683159B00D552F8 /* Resources */,
				A2DAF5535D083F19E4D31343 /* [CP] Embed Pods Frameworks */,
			);
			buildRules = (
			);
			dependencies = (
			);
			name = TripTracker;
			productName = TripTracker;
			productReference = 63DF57462683159B00D552F8 /* TripTracker.app */;
			productType = "com.apple.product-type.application";
		};
/* End PBXNativeTarget section */

/* Begin PBXProject section */
		63DF573E2683159B00D552F8 /* Project object */ = {
			isa = PBXProject;
			attributes = {
				LastSwiftUpdateCheck = 1140;
				LastUpgradeCheck = 1140;
				ORGANIZATIONNAME = "S. M. Hasibur Rahman";
				TargetAttributes = {
					63DF57452683159B00D552F8 = {
						CreatedOnToolsVersion = 11.4.1;
					};
				};
			};
			buildConfigurationList = 63DF57412683159B00D552F8 /* Build configuration list for PBXProject "TripTracker" */;
			compatibilityVersion = "Xcode 9.3";
			developmentRegion = en;
			hasScannedForEncodings = 0;
			knownRegions = (
				en,
				Base,
			);
			mainGroup = 63DF573D2683159B00D552F8;
			productRefGroup = 63DF57472683159B00D552F8 /* Products */;
			projectDirPath = "";
			projectRoot = "";
			targets = (
				63DF57452683159B00D552F8 /* TripTracker */,
			);
		};
/* End PBXProject section */

/* Begin PBXResourcesBuildPhase section */
		63DF57442683159B00D552F8 /* Resources */ = {
			isa = PBXResourcesBuildPhase;
			buildActionMask = 2147483647;
			files = (
				63DF57562683159C00D552F8 /* LaunchScreen.storyboard in Resources */,
				63DF57532683159C00D552F8 /* Assets.xcassets in Resources */,
				635B23F126845311008AA051 /* GoogleService-Info.plist in Resources */,
			);
			runOnlyForDeploymentPostprocessing = 0;
		};
/* End PBXResourcesBuildPhase section */

/* Begin PBXShellScriptBuildPhase section */
		563B3AE6B5446C2D66092D24 /* [CP] Check Pods Manifest.lock */ = {
			isa = PBXShellScriptBuildPhase;
			buildActionMask = 2147483647;
			files = (
			);
			inputFileListPaths = (
			);
			inputPaths = (
				"${PODS_PODFILE_DIR_PATH}/Podfile.lock",
				"${PODS_ROOT}/Manifest.lock",
			);
			name = "[CP] Check Pods Manifest.lock";
			outputFileListPaths = (
			);
			outputPaths = (
				"$(DERIVED_FILE_DIR)/Pods-TripTracker-checkManifestLockResult.txt",
			);
			runOnlyForDeploymentPostprocessing = 0;
			shellPath = /bin/sh;
			shellScript = "diff \"${PODS_PODFILE_DIR_PATH}/Podfile.lock\" \"${PODS_ROOT}/Manifest.lock\" > /dev/null\nif [ $? != 0 ] ; then\n    # print error to STDERR\n    echo \"error: The sandbox is not in sync with the Podfile.lock. Run 'pod install' or update your CocoaPods installation.\" >&2\n    exit 1\nfi\n# This output is used by Xcode 'outputs' to avoid re-running this script phase.\necho \"SUCCESS\" > \"${SCRIPT_OUTPUT_FILE_0}\"\n";
			showEnvVarsInLog = 0;
		};
		A2DAF5535D083F19E4D31343 /* [CP] Embed Pods Frameworks */ = {
			isa = PBXShellScriptBuildPhase;
			buildActionMask = 2147483647;
			files = (
			);
			inputFileListPaths = (
				"${PODS_ROOT}/Target Support Files/Pods-TripTracker/Pods-TripTracker-frameworks-${CONFIGURATION}-input-files.xcfilelist",
			);
			name = "[CP] Embed Pods Frameworks";
			outputFileListPaths = (
				"${PODS_ROOT}/Target Support Files/Pods-TripTracker/Pods-TripTracker-frameworks-${CONFIGURATION}-output-files.xcfilelist",
			);
			runOnlyForDeploymentPostprocessing = 0;
			shellPath = /bin/sh;
			shellScript = "\"${PODS_ROOT}/Target Support Files/Pods-TripTracker/Pods-TripTracker-frameworks.sh\"\n";
			showEnvVarsInLog = 0;
		};
/* End PBXShellScriptBuildPhase section */

/* Begin PBXSourcesBuildPhase section */
		63DF57422683159B00D552F8 /* Sources */ = {
			isa = PBXSourcesBuildPhase;
			buildActionMask = 2147483647;
			files = (
				63DF57642683194900D552F8 /* LoginViewController.swift in Sources */,
				63DF574A2683159B00D552F8 /* AppDelegate.swift in Sources */,
				63DF576826839C8900D552F8 /* SignupViewController.swift in Sources */,
				63DF574C2683159B00D552F8 /* SceneDelegate.swift in Sources */,
				63DF5766268325B400D552F8 /* Extensions.swift in Sources */,
				635B23F52684D971008AA051 /* LocationInputActivationView.swift in Sources */,
				63B85BB12685E1300068DDC1 /* LocationCell.swift in Sources */,
				63B85BAF2685A66A0068DDC1 /* LocationInputView.swift in Sources */,
				635B23F326849C80008AA051 /* HomeViewController.swift in Sources */,
			);
			runOnlyForDeploymentPostprocessing = 0;
		};
/* End PBXSourcesBuildPhase section */

/* Begin PBXVariantGroup section */
		63DF57542683159C00D552F8 /* LaunchScreen.storyboard */ = {
			isa = PBXVariantGroup;
			children = (
				63DF57552683159C00D552F8 /* Base */,
			);
			name = LaunchScreen.storyboard;
			sourceTree = "<group>";
		};
/* End PBXVariantGroup section */

/* Begin XCBuildConfiguration section */
		63DF57582683159C00D552F8 /* Debug */ = {
			isa = XCBuildConfiguration;
			buildSettings = {
				ALWAYS_SEARCH_USER_PATHS = NO;
				CLANG_ANALYZER_NONNULL = YES;
				CLANG_ANALYZER_NUMBER_OBJECT_CONVERSION = YES_AGGRESSIVE;
				CLANG_CXX_LANGUAGE_STANDARD = "gnu++14";
				CLANG_CXX_LIBRARY = "libc++";
				CLANG_ENABLE_MODULES = YES;
				CLANG_ENABLE_OBJC_ARC = YES;
				CLANG_ENABLE_OBJC_WEAK = YES;
				CLANG_WARN_BLOCK_CAPTURE_AUTORELEASING = YES;
				CLANG_WARN_BOOL_CONVERSION = YES;
				CLANG_WARN_COMMA = YES;
				CLANG_WARN_CONSTANT_CONVERSION = YES;
				CLANG_WARN_DEPRECATED_OBJC_IMPLEMENTATIONS = YES;
				CLANG_WARN_DIRECT_OBJC_ISA_USAGE = YES_ERROR;
				CLANG_WARN_DOCUMENTATION_COMMENTS = YES;
				CLANG_WARN_EMPTY_BODY = YES;
				CLANG_WARN_ENUM_CONVERSION = YES;
				CLANG_WARN_INFINITE_RECURSION = YES;
				CLANG_WARN_INT_CONVERSION = YES;
				CLANG_WARN_NON_LITERAL_NULL_CONVERSION = YES;
				CLANG_WARN_OBJC_IMPLICIT_RETAIN_SELF = YES;
				CLANG_WARN_OBJC_LITERAL_CONVERSION = YES;
				CLANG_WARN_OBJC_ROOT_CLASS = YES_ERROR;
				CLANG_WARN_RANGE_LOOP_ANALYSIS = YES;
				CLANG_WARN_STRICT_PROTOTYPES = YES;
				CLANG_WARN_SUSPICIOUS_MOVE = YES;
				CLANG_WARN_UNGUARDED_AVAILABILITY = YES_AGGRESSIVE;
				CLANG_WARN_UNREACHABLE_CODE = YES;
				CLANG_WARN__DUPLICATE_METHOD_MATCH = YES;
				COPY_PHASE_STRIP = NO;
				DEBUG_INFORMATION_FORMAT = dwarf;
				ENABLE_STRICT_OBJC_MSGSEND = YES;
				ENABLE_TESTABILITY = YES;
				GCC_C_LANGUAGE_STANDARD = gnu11;
				GCC_DYNAMIC_NO_PIC = NO;
				GCC_NO_COMMON_BLOCKS = YES;
				GCC_OPTIMIZATION_LEVEL = 0;
				GCC_PREPROCESSOR_DEFINITIONS = (
					"DEBUG=1",
					"$(inherited)",
				);
				GCC_WARN_64_TO_32_BIT_CONVERSION = YES;
				GCC_WARN_ABOUT_RETURN_TYPE = YES_ERROR;
				GCC_WARN_UNDECLARED_SELECTOR = YES;
				GCC_WARN_UNINITIALIZED_AUTOS = YES_AGGRESSIVE;
				GCC_WARN_UNUSED_FUNCTION = YES;
				GCC_WARN_UNUSED_VARIABLE = YES;
				IPHONEOS_DEPLOYMENT_TARGET = 13.4;
				MTL_ENABLE_DEBUG_INFO = INCLUDE_SOURCE;
				MTL_FAST_MATH = YES;
				ONLY_ACTIVE_ARCH = YES;
				SDKROOT = iphoneos;
				SWIFT_ACTIVE_COMPILATION_CONDITIONS = DEBUG;
				SWIFT_OPTIMIZATION_LEVEL = "-Onone";
			};
			name = Debug;
		};
		63DF57592683159C00D552F8 /* Release */ = {
			isa = XCBuildConfiguration;
			buildSettings = {
				ALWAYS_SEARCH_USER_PATHS = NO;
				CLANG_ANALYZER_NONNULL = YES;
				CLANG_ANALYZER_NUMBER_OBJECT_CONVERSION = YES_AGGRESSIVE;
				CLANG_CXX_LANGUAGE_STANDARD = "gnu++14";
				CLANG_CXX_LIBRARY = "libc++";
				CLANG_ENABLE_MODULES = YES;
				CLANG_ENABLE_OBJC_ARC = YES;
				CLANG_ENABLE_OBJC_WEAK = YES;
				CLANG_WARN_BLOCK_CAPTURE_AUTORELEASING = YES;
				CLANG_WARN_BOOL_CONVERSION = YES;
				CLANG_WARN_COMMA = YES;
				CLANG_WARN_CONSTANT_CONVERSION = YES;
				CLANG_WARN_DEPRECATED_OBJC_IMPLEMENTATIONS = YES;
				CLANG_WARN_DIRECT_OBJC_ISA_USAGE = YES_ERROR;
				CLANG_WARN_DOCUMENTATION_COMMENTS = YES;
				CLANG_WARN_EMPTY_BODY = YES;
				CLANG_WARN_ENUM_CONVERSION = YES;
				CLANG_WARN_INFINITE_RECURSION = YES;
				CLANG_WARN_INT_CONVERSION = YES;
				CLANG_WARN_NON_LITERAL_NULL_CONVERSION = YES;
				CLANG_WARN_OBJC_IMPLICIT_RETAIN_SELF = YES;
				CLANG_WARN_OBJC_LITERAL_CONVERSION = YES;
				CLANG_WARN_OBJC_ROOT_CLASS = YES_ERROR;
				CLANG_WARN_RANGE_LOOP_ANALYSIS = YES;
				CLANG_WARN_STRICT_PROTOTYPES = YES;
				CLANG_WARN_SUSPICIOUS_MOVE = YES;
				CLANG_WARN_UNGUARDED_AVAILABILITY = YES_AGGRESSIVE;
				CLANG_WARN_UNREACHABLE_CODE = YES;
				CLANG_WARN__DUPLICATE_METHOD_MATCH = YES;
				COPY_PHASE_STRIP = NO;
				DEBUG_INFORMATION_FORMAT = "dwarf-with-dsym";
				ENABLE_NS_ASSERTIONS = NO;
				ENABLE_STRICT_OBJC_MSGSEND = YES;
				GCC_C_LANGUAGE_STANDARD = gnu11;
				GCC_NO_COMMON_BLOCKS = YES;
				GCC_WARN_64_TO_32_BIT_CONVERSION = YES;
				GCC_WARN_ABOUT_RETURN_TYPE = YES_ERROR;
				GCC_WARN_UNDECLARED_SELECTOR = YES;
				GCC_WARN_UNINITIALIZED_AUTOS = YES_AGGRESSIVE;
				GCC_WARN_UNUSED_FUNCTION = YES;
				GCC_WARN_UNUSED_VARIABLE = YES;
				IPHONEOS_DEPLOYMENT_TARGET = 13.4;
				MTL_ENABLE_DEBUG_INFO = NO;
				MTL_FAST_MATH = YES;
				SDKROOT = iphoneos;
				SWIFT_COMPILATION_MODE = wholemodule;
				SWIFT_OPTIMIZATION_LEVEL = "-O";
				VALIDATE_PRODUCT = YES;
			};
			name = Release;
		};
		63DF575B2683159C00D552F8 /* Debug */ = {
			isa = XCBuildConfiguration;
			baseConfigurationReference = E8C894078307C2781BEAF507 /* Pods-TripTracker.debug.xcconfig */;
			buildSettings = {
				ASSETCATALOG_COMPILER_APPICON_NAME = AppIcon;
				CODE_SIGN_STYLE = Automatic;
				DEVELOPMENT_TEAM = 4AR488G66N;
				INFOPLIST_FILE = TripTracker/Info.plist;
				LD_RUNPATH_SEARCH_PATHS = (
					"$(inherited)",
					"@executable_path/Frameworks",
				);
				PRODUCT_BUNDLE_IDENTIFIER = MyOrg.TripTracker;
				PRODUCT_NAME = "$(TARGET_NAME)";
				SWIFT_VERSION = 5.0;
				TARGETED_DEVICE_FAMILY = "1,2";
			};
			name = Debug;
		};
		63DF575C2683159C00D552F8 /* Release */ = {
			isa = XCBuildConfiguration;
			baseConfigurationReference = FBB5BB76E8E6A65C8004204D /* Pods-TripTracker.release.xcconfig */;
			buildSettings = {
				ASSETCATALOG_COMPILER_APPICON_NAME = AppIcon;
				CODE_SIGN_STYLE = Automatic;
				DEVELOPMENT_TEAM = 4AR488G66N;
				INFOPLIST_FILE = TripTracker/Info.plist;
				LD_RUNPATH_SEARCH_PATHS = (
					"$(inherited)",
					"@executable_path/Frameworks",
				);
				PRODUCT_BUNDLE_IDENTIFIER = MyOrg.TripTracker;
				PRODUCT_NAME = "$(TARGET_NAME)";
				SWIFT_VERSION = 5.0;
				TARGETED_DEVICE_FAMILY = "1,2";
			};
			name = Release;
		};
/* End XCBuildConfiguration section */

/* Begin XCConfigurationList section */
		63DF57412683159B00D552F8 /* Build configuration list for PBXProject "TripTracker" */ = {
			isa = XCConfigurationList;
			buildConfigurations = (
				63DF57582683159C00D552F8 /* Debug */,
				63DF57592683159C00D552F8 /* Release */,
			);
			defaultConfigurationIsVisible = 0;
			defaultConfigurationName = Release;
		};
		63DF575A2683159C00D552F8 /* Build configuration list for PBXNativeTarget "TripTracker" */ = {
			isa = XCConfigurationList;
			buildConfigurations = (
				63DF575B2683159C00D552F8 /* Debug */,
				63DF575C2683159C00D552F8 /* Release */,
			);
			defaultConfigurationIsVisible = 0;
			defaultConfigurationName = Release;
		};
/* End XCConfigurationList section */
	};
	rootObject = 63DF573E2683159B00D552F8 /* Project object */;
}
